# This file is automatically @generated by Poetry 1.8.5 and should not be changed by hand.

[[package]]
name = "anyio"
version = "4.6.0"
description = "High level compatibility layer for multiple asynchronous event loop implementations"
optional = false
python-versions = ">=3.9"
files = [
    {file = "anyio-4.6.0-py3-none-any.whl", hash = "sha256:c7d2e9d63e31599eeb636c8c5c03a7e108d73b345f064f1c19fdc87b79036a9a"},
    {file = "anyio-4.6.0.tar.gz", hash = "sha256:137b4559cbb034c477165047febb6ff83f390fc3b20bf181c1fc0a728cb8beeb"},
]

[package.dependencies]
idna = ">=2.8"
sniffio = ">=1.1"

[package.extras]
doc = ["Sphinx (>=7.4,<8.0)", "packaging", "sphinx-autodoc-typehints (>=1.2.0)", "sphinx-rtd-theme"]
test = ["anyio[trio]", "coverage[toml] (>=7)", "exceptiongroup (>=1.2.0)", "hypothesis (>=4.0)", "psutil (>=5.9)", "pytest (>=7.0)", "pytest-mock (>=3.6.1)", "trustme", "uvloop (>=0.21.0b1)"]
trio = ["trio (>=0.26.1)"]

[[package]]
name = "beautifulsoup4"
version = "4.12.3"
description = "Screen-scraping library"
optional = false
python-versions = ">=3.6.0"
files = [
    {file = "beautifulsoup4-4.12.3-py3-none-any.whl", hash = "sha256:b80878c9f40111313e55da8ba20bdba06d8fa3969fc68304167741bbf9e082ed"},
    {file = "beautifulsoup4-4.12.3.tar.gz", hash = "sha256:74e3d1928edc070d21748185c46e3fb33490f22f52a3addee9aee0f4f7781051"},
]

[package.dependencies]
soupsieve = ">1.2"

[package.extras]
cchardet = ["cchardet"]
chardet = ["chardet"]
charset-normalizer = ["charset-normalizer"]
html5lib = ["html5lib"]
lxml = ["lxml"]

[[package]]
name = "certifi"
version = "2024.8.30"
description = "Python package for providing Mozilla's CA Bundle."
optional = false
python-versions = ">=3.6"
files = [
    {file = "certifi-2024.8.30-py3-none-any.whl", hash = "sha256:922820b53db7a7257ffbda3f597266d435245903d80737e34f8a45ff3e3230d8"},
    {file = "certifi-2024.8.30.tar.gz", hash = "sha256:bec941d2aa8195e248a60b31ff9f0558284cf01a52591ceda73ea9afffd69fd9"},
]

[[package]]
name = "colorama"
version = "0.4.6"
description = "Cross-platform colored terminal text."
optional = false
python-versions = "!=3.0.*,!=3.1.*,!=3.2.*,!=3.3.*,!=3.4.*,!=3.5.*,!=3.6.*,>=2.7"
files = [
    {file = "colorama-0.4.6-py2.py3-none-any.whl", hash = "sha256:4f1d9991f5acc0ca119f9d443620b77f9d6b33703e51011c16baf57afb285fc6"},
    {file = "colorama-0.4.6.tar.gz", hash = "sha256:08695f5cb7ed6e0531a20572697297273c47b8cae5a63ffc6d6ed5c201be6e44"},
]

[[package]]
name = "colorlog"
version = "6.9.0"
description = "Add colours to the output of Python's logging module."
optional = false
python-versions = ">=3.6"
files = [
    {file = "colorlog-6.9.0-py3-none-any.whl", hash = "sha256:5906e71acd67cb07a71e779c47c4bcb45fb8c2993eebe9e5adcd6a6f1b283eff"},
    {file = "colorlog-6.9.0.tar.gz", hash = "sha256:bfba54a1b93b94f54e1f4fe48395725a3d92fd2a4af702f6bd70946bdc0c6ac2"},
]

[package.dependencies]
colorama = {version = "*", markers = "sys_platform == \"win32\""}

[package.extras]
development = ["black", "flake8", "mypy", "pytest", "types-colorama"]

[[package]]
name = "coverage"
version = "7.6.2"
description = "Code coverage measurement for Python"
optional = false
python-versions = ">=3.9"
files = [
    {file = "coverage-7.6.2-cp310-cp310-macosx_10_9_x86_64.whl", hash = "sha256:c9df1950fb92d49970cce38100d7e7293c84ed3606eaa16ea0b6bc27175bb667"},
    {file = "coverage-7.6.2-cp310-cp310-macosx_11_0_arm64.whl", hash = "sha256:24500f4b0e03aab60ce575c85365beab64b44d4db837021e08339f61d1fbfe52"},
    {file = "coverage-7.6.2-cp310-cp310-manylinux_2_17_aarch64.manylinux2014_aarch64.whl", hash = "sha256:a663b180b6669c400b4630a24cc776f23a992d38ce7ae72ede2a397ce6b0f170"},
    {file = "coverage-7.6.2-cp310-cp310-manylinux_2_5_i686.manylinux1_i686.manylinux_2_17_i686.manylinux2014_i686.whl", hash = "sha256:bfde025e2793a22efe8c21f807d276bd1d6a4bcc5ba6f19dbdfc4e7a12160909"},
    {file = "coverage-7.6.2-cp310-cp310-manylinux_2_5_x86_64.manylinux1_x86_64.manylinux_2_17_x86_64.manylinux2014_x86_64.whl", hash = "sha256:087932079c065d7b8ebadd3a0160656c55954144af6439886c8bcf78bbbcde7f"},
    {file = "coverage-7.6.2-cp310-cp310-musllinux_1_2_aarch64.whl", hash = "sha256:9c6b0c1cafd96213a0327cf680acb39f70e452caf8e9a25aeb05316db9c07f89"},
    {file = "coverage-7.6.2-cp310-cp310-musllinux_1_2_i686.whl", hash = "sha256:6e85830eed5b5263ffa0c62428e43cb844296f3b4461f09e4bdb0d44ec190bc2"},
    {file = "coverage-7.6.2-cp310-cp310-musllinux_1_2_x86_64.whl", hash = "sha256:62ab4231c01e156ece1b3a187c87173f31cbeee83a5e1f6dff17f288dca93345"},
    {file = "coverage-7.6.2-cp310-cp310-win32.whl", hash = "sha256:7b80fbb0da3aebde102a37ef0138aeedff45997e22f8962e5f16ae1742852676"},
    {file = "coverage-7.6.2-cp310-cp310-win_amd64.whl", hash = "sha256:d20c3d1f31f14d6962a4e2f549c21d31e670b90f777ef4171be540fb7fb70f02"},
    {file = "coverage-7.6.2-cp311-cp311-macosx_10_9_x86_64.whl", hash = "sha256:bb21bac7783c1bf6f4bbe68b1e0ff0d20e7e7732cfb7995bc8d96e23aa90fc7b"},
    {file = "coverage-7.6.2-cp311-cp311-macosx_11_0_arm64.whl", hash = "sha256:a7b2e437fbd8fae5bc7716b9c7ff97aecc95f0b4d56e4ca08b3c8d8adcaadb84"},
    {file = "coverage-7.6.2-cp311-cp311-manylinux_2_17_aarch64.manylinux2014_aarch64.whl", hash = "sha256:536f77f2bf5797983652d1d55f1a7272a29afcc89e3ae51caa99b2db4e89d658"},
    {file = "coverage-7.6.2-cp311-cp311-manylinux_2_5_i686.manylinux1_i686.manylinux_2_17_i686.manylinux2014_i686.whl", hash = "sha256:f361296ca7054f0936b02525646b2731b32c8074ba6defab524b79b2b7eeac72"},
    {file = "coverage-7.6.2-cp311-cp311-manylinux_2_5_x86_64.manylinux1_x86_64.manylinux_2_17_x86_64.manylinux2014_x86_64.whl", hash = "sha256:7926d8d034e06b479797c199747dd774d5e86179f2ce44294423327a88d66ca7"},
    {file = "coverage-7.6.2-cp311-cp311-musllinux_1_2_aarch64.whl", hash = "sha256:0bbae11c138585c89fb4e991faefb174a80112e1a7557d507aaa07675c62e66b"},
    {file = "coverage-7.6.2-cp311-cp311-musllinux_1_2_i686.whl", hash = "sha256:fcad7d5d2bbfeae1026b395036a8aa5abf67e8038ae7e6a25c7d0f88b10a8e6a"},
    {file = "coverage-7.6.2-cp311-cp311-musllinux_1_2_x86_64.whl", hash = "sha256:f01e53575f27097d75d42de33b1b289c74b16891ce576d767ad8c48d17aeb5e0"},
    {file = "coverage-7.6.2-cp311-cp311-win32.whl", hash = "sha256:7781f4f70c9b0b39e1b129b10c7d43a4e0c91f90c60435e6da8288efc2b73438"},
    {file = "coverage-7.6.2-cp311-cp311-win_amd64.whl", hash = "sha256:9bcd51eeca35a80e76dc5794a9dd7cb04b97f0e8af620d54711793bfc1fbba4b"},
    {file = "coverage-7.6.2-cp312-cp312-macosx_10_13_x86_64.whl", hash = "sha256:ebc94fadbd4a3f4215993326a6a00e47d79889391f5659bf310f55fe5d9f581c"},
    {file = "coverage-7.6.2-cp312-cp312-macosx_11_0_arm64.whl", hash = "sha256:9681516288e3dcf0aa7c26231178cc0be6cac9705cac06709f2353c5b406cfea"},
    {file = "coverage-7.6.2-cp312-cp312-manylinux_2_17_aarch64.manylinux2014_aarch64.whl", hash = "sha256:8d9c5d13927d77af4fbe453953810db766f75401e764727e73a6ee4f82527b3e"},
    {file = "coverage-7.6.2-cp312-cp312-manylinux_2_5_i686.manylinux1_i686.manylinux_2_17_i686.manylinux2014_i686.whl", hash = "sha256:b92f9ca04b3e719d69b02dc4a69debb795af84cb7afd09c5eb5d54b4a1ae2191"},
    {file = "coverage-7.6.2-cp312-cp312-manylinux_2_5_x86_64.manylinux1_x86_64.manylinux_2_17_x86_64.manylinux2014_x86_64.whl", hash = "sha256:0ff2ef83d6d0b527b5c9dad73819b24a2f76fdddcfd6c4e7a4d7e73ecb0656b4"},
    {file = "coverage-7.6.2-cp312-cp312-musllinux_1_2_aarch64.whl", hash = "sha256:47ccb6e99a3031ffbbd6e7cc041e70770b4fe405370c66a54dbf26a500ded80b"},
    {file = "coverage-7.6.2-cp312-cp312-musllinux_1_2_i686.whl", hash = "sha256:a867d26f06bcd047ef716175b2696b315cb7571ccb951006d61ca80bbc356e9e"},
    {file = "coverage-7.6.2-cp312-cp312-musllinux_1_2_x86_64.whl", hash = "sha256:cdfcf2e914e2ba653101157458afd0ad92a16731eeba9a611b5cbb3e7124e74b"},
    {file = "coverage-7.6.2-cp312-cp312-win32.whl", hash = "sha256:f9035695dadfb397bee9eeaf1dc7fbeda483bf7664a7397a629846800ce6e276"},
    {file = "coverage-7.6.2-cp312-cp312-win_amd64.whl", hash = "sha256:5ed69befa9a9fc796fe015a7040c9398722d6b97df73a6b608e9e275fa0932b0"},
    {file = "coverage-7.6.2-cp313-cp313-macosx_10_13_x86_64.whl", hash = "sha256:4eea60c79d36a8f39475b1af887663bc3ae4f31289cd216f514ce18d5938df40"},
    {file = "coverage-7.6.2-cp313-cp313-macosx_11_0_arm64.whl", hash = "sha256:aa68a6cdbe1bc6793a9dbfc38302c11599bbe1837392ae9b1d238b9ef3dafcf1"},
    {file = "coverage-7.6.2-cp313-cp313-manylinux_2_17_aarch64.manylinux2014_aarch64.whl", hash = "sha256:3ec528ae69f0a139690fad6deac8a7d33629fa61ccce693fdd07ddf7e9931fba"},
    {file = "coverage-7.6.2-cp313-cp313-manylinux_2_5_i686.manylinux1_i686.manylinux_2_17_i686.manylinux2014_i686.whl", hash = "sha256:ed5ac02126f74d190fa2cc14a9eb2a5d9837d5863920fa472b02eb1595cdc925"},
    {file = "coverage-7.6.2-cp313-cp313-manylinux_2_5_x86_64.manylinux1_x86_64.manylinux_2_17_x86_64.manylinux2014_x86_64.whl", hash = "sha256:21c0ea0d4db8a36b275cb6fb2437a3715697a4ba3cb7b918d3525cc75f726304"},
    {file = "coverage-7.6.2-cp313-cp313-musllinux_1_2_aarch64.whl", hash = "sha256:35a51598f29b2a19e26d0908bd196f771a9b1c5d9a07bf20be0adf28f1ad4f77"},
    {file = "coverage-7.6.2-cp313-cp313-musllinux_1_2_i686.whl", hash = "sha256:c9192925acc33e146864b8cf037e2ed32a91fdf7644ae875f5d46cd2ef086a5f"},
    {file = "coverage-7.6.2-cp313-cp313-musllinux_1_2_x86_64.whl", hash = "sha256:bf4eeecc9e10f5403ec06138978235af79c9a79af494eb6b1d60a50b49ed2869"},
    {file = "coverage-7.6.2-cp313-cp313-win32.whl", hash = "sha256:e4ee15b267d2dad3e8759ca441ad450c334f3733304c55210c2a44516e8d5530"},
    {file = "coverage-7.6.2-cp313-cp313-win_amd64.whl", hash = "sha256:c71965d1ced48bf97aab79fad56df82c566b4c498ffc09c2094605727c4b7e36"},
    {file = "coverage-7.6.2-cp313-cp313t-macosx_10_13_x86_64.whl", hash = "sha256:7571e8bbecc6ac066256f9de40365ff833553e2e0c0c004f4482facb131820ef"},
    {file = "coverage-7.6.2-cp313-cp313t-macosx_11_0_arm64.whl", hash = "sha256:078a87519057dacb5d77e333f740708ec2a8f768655f1db07f8dfd28d7a005f0"},
    {file = "coverage-7.6.2-cp313-cp313t-manylinux_2_17_aarch64.manylinux2014_aarch64.whl", hash = "sha256:1e5e92e3e84a8718d2de36cd8387459cba9a4508337b8c5f450ce42b87a9e760"},
    {file = "coverage-7.6.2-cp313-cp313t-manylinux_2_5_i686.manylinux1_i686.manylinux_2_17_i686.manylinux2014_i686.whl", hash = "sha256:ebabdf1c76593a09ee18c1a06cd3022919861365219ea3aca0247ededf6facd6"},
    {file = "coverage-7.6.2-cp313-cp313t-manylinux_2_5_x86_64.manylinux1_x86_64.manylinux_2_17_x86_64.manylinux2014_x86_64.whl", hash = "sha256:12179eb0575b8900912711688e45474f04ab3934aaa7b624dea7b3c511ecc90f"},
    {file = "coverage-7.6.2-cp313-cp313t-musllinux_1_2_aarch64.whl", hash = "sha256:39d3b964abfe1519b9d313ab28abf1d02faea26cd14b27f5283849bf59479ff5"},
    {file = "coverage-7.6.2-cp313-cp313t-musllinux_1_2_i686.whl", hash = "sha256:84c4315577f7cd511d6250ffd0f695c825efe729f4205c0340f7004eda51191f"},
    {file = "coverage-7.6.2-cp313-cp313t-musllinux_1_2_x86_64.whl", hash = "sha256:ff797320dcbff57caa6b2301c3913784a010e13b1f6cf4ab3f563f3c5e7919db"},
    {file = "coverage-7.6.2-cp313-cp313t-win32.whl", hash = "sha256:2b636a301e53964550e2f3094484fa5a96e699db318d65398cfba438c5c92171"},
    {file = "coverage-7.6.2-cp313-cp313t-win_amd64.whl", hash = "sha256:d03a060ac1a08e10589c27d509bbdb35b65f2d7f3f8d81cf2fa199877c7bc58a"},
    {file = "coverage-7.6.2-cp39-cp39-macosx_10_9_x86_64.whl", hash = "sha256:c37faddc8acd826cfc5e2392531aba734b229741d3daec7f4c777a8f0d4993e5"},
    {file = "coverage-7.6.2-cp39-cp39-macosx_11_0_arm64.whl", hash = "sha256:ab31fdd643f162c467cfe6a86e9cb5f1965b632e5e65c072d90854ff486d02cf"},
    {file = "coverage-7.6.2-cp39-cp39-manylinux_2_17_aarch64.manylinux2014_aarch64.whl", hash = "sha256:97df87e1a20deb75ac7d920c812e9326096aa00a9a4b6d07679b4f1f14b06c90"},
    {file = "coverage-7.6.2-cp39-cp39-manylinux_2_5_i686.manylinux1_i686.manylinux_2_17_i686.manylinux2014_i686.whl", hash = "sha256:343056c5e0737487a5291f5691f4dfeb25b3e3c8699b4d36b92bb0e586219d14"},
    {file = "coverage-7.6.2-cp39-cp39-manylinux_2_5_x86_64.manylinux1_x86_64.manylinux_2_17_x86_64.manylinux2014_x86_64.whl", hash = "sha256:ad4ef1c56b47b6b9024b939d503ab487231df1f722065a48f4fc61832130b90e"},
    {file = "coverage-7.6.2-cp39-cp39-musllinux_1_2_aarch64.whl", hash = "sha256:7fca4a92c8a7a73dee6946471bce6d1443d94155694b893b79e19ca2a540d86e"},
    {file = "coverage-7.6.2-cp39-cp39-musllinux_1_2_i686.whl", hash = "sha256:69f251804e052fc46d29d0e7348cdc5fcbfc4861dc4a1ebedef7e78d241ad39e"},
    {file = "coverage-7.6.2-cp39-cp39-musllinux_1_2_x86_64.whl", hash = "sha256:e8ea055b3ea046c0f66217af65bc193bbbeca1c8661dc5fd42698db5795d2627"},
    {file = "coverage-7.6.2-cp39-cp39-win32.whl", hash = "sha256:6c2ba1e0c24d8fae8f2cf0aeb2fc0a2a7f69b6d20bd8d3749fd6b36ecef5edf0"},
    {file = "coverage-7.6.2-cp39-cp39-win_amd64.whl", hash = "sha256:2186369a654a15628e9c1c9921409a6b3eda833e4b91f3ca2a7d9f77abb4987c"},
    {file = "coverage-7.6.2-pp39.pp310-none-any.whl", hash = "sha256:667952739daafe9616db19fbedbdb87917eee253ac4f31d70c7587f7ab531b4e"},
    {file = "coverage-7.6.2.tar.gz", hash = "sha256:a5f81e68aa62bc0cfca04f7b19eaa8f9c826b53fc82ab9e2121976dc74f131f3"},
]

[package.extras]
toml = ["tomli"]

[[package]]
name = "h11"
version = "0.14.0"
description = "A pure-Python, bring-your-own-I/O implementation of HTTP/1.1"
optional = false
python-versions = ">=3.7"
files = [
    {file = "h11-0.14.0-py3-none-any.whl", hash = "sha256:e3fe4ac4b851c468cc8363d500db52c2ead036020723024a109d37346efaa761"},
    {file = "h11-0.14.0.tar.gz", hash = "sha256:8f19fbbe99e72420ff35c00b27a34cb9937e902a8b810e2c88300c6f0a3b699d"},
]

[[package]]
name = "httpcore"
version = "1.0.6"
description = "A minimal low-level HTTP client."
optional = false
python-versions = ">=3.8"
files = [
    {file = "httpcore-1.0.6-py3-none-any.whl", hash = "sha256:27b59625743b85577a8c0e10e55b50b5368a4f2cfe8cc7bcfa9cf00829c2682f"},
    {file = "httpcore-1.0.6.tar.gz", hash = "sha256:73f6dbd6eb8c21bbf7ef8efad555481853f5f6acdeaff1edb0694289269ee17f"},
]

[package.dependencies]
certifi = "*"
h11 = ">=0.13,<0.15"

[package.extras]
asyncio = ["anyio (>=4.0,<5.0)"]
http2 = ["h2 (>=3,<5)"]
socks = ["socksio (==1.*)"]
trio = ["trio (>=0.22.0,<1.0)"]

[[package]]
name = "httpx"
version = "0.28.1"
description = "The next generation HTTP client."
optional = false
python-versions = ">=3.8"
files = [
    {file = "httpx-0.28.1-py3-none-any.whl", hash = "sha256:d909fcccc110f8c7faf814ca82a9a4d816bc5a6dbfea25d6591d6985b8ba59ad"},
    {file = "httpx-0.28.1.tar.gz", hash = "sha256:75e98c5f16b0f35b567856f597f06ff2270a374470a5c2392242528e3e3e42fc"},
]

[package.dependencies]
anyio = "*"
certifi = "*"
httpcore = "==1.*"
idna = "*"

[package.extras]
brotli = ["brotli", "brotlicffi"]
cli = ["click (==8.*)", "pygments (==2.*)", "rich (>=10,<14)"]
http2 = ["h2 (>=3,<5)"]
socks = ["socksio (==1.*)"]
zstd = ["zstandard (>=0.18.0)"]

[[package]]
name = "idna"
version = "3.10"
description = "Internationalized Domain Names in Applications (IDNA)"
optional = false
python-versions = ">=3.6"
files = [
    {file = "idna-3.10-py3-none-any.whl", hash = "sha256:946d195a0d259cbba61165e88e65941f16e9b36ea6ddb97f00452bae8b1287d3"},
    {file = "idna-3.10.tar.gz", hash = "sha256:12f65c9b470abda6dc35cf8e63cc574b1c52b11df2c86030af0ac09b01b13ea9"},
]

[package.extras]
all = ["flake8 (>=7.1.1)", "mypy (>=1.11.2)", "pytest (>=8.3.2)", "ruff (>=0.6.2)"]

[[package]]
name = "iniconfig"
version = "2.0.0"
description = "brain-dead simple config-ini parsing"
optional = false
python-versions = ">=3.7"
files = [
    {file = "iniconfig-2.0.0-py3-none-any.whl", hash = "sha256:b6a85871a79d2e3b22d2d1b94ac2824226a63c6b741c88f7ae975f18b6778374"},
    {file = "iniconfig-2.0.0.tar.gz", hash = "sha256:2d91e135bf72d31a410b17c16da610a82cb55f6b0477d1a902134b24a455b8b3"},
]

[[package]]
name = "orjson"
version = "3.10.13"
description = "Fast, correct Python JSON library supporting dataclasses, datetimes, and numpy"
optional = false
python-versions = ">=3.8"
files = [
    {file = "orjson-3.10.13-cp310-cp310-macosx_10_15_x86_64.macosx_11_0_arm64.macosx_10_15_universal2.whl", hash = "sha256:1232c5e873a4d1638ef957c5564b4b0d6f2a6ab9e207a9b3de9de05a09d1d920"},
    {file = "orjson-3.10.13-cp310-cp310-manylinux_2_17_aarch64.manylinux2014_aarch64.whl", hash = "sha256:d26a0eca3035619fa366cbaf49af704c7cb1d4a0e6c79eced9f6a3f2437964b6"},
    {file = "orjson-3.10.13-cp310-cp310-manylinux_2_17_armv7l.manylinux2014_armv7l.whl", hash = "sha256:d4b6acd7c9c829895e50d385a357d4b8c3fafc19c5989da2bae11783b0fd4977"},
    {file = "orjson-3.10.13-cp310-cp310-manylinux_2_17_ppc64le.manylinux2014_ppc64le.whl", hash = "sha256:1884e53c6818686891cc6fc5a3a2540f2f35e8c76eac8dc3b40480fb59660b00"},
    {file = "orjson-3.10.13-cp310-cp310-manylinux_2_17_s390x.manylinux2014_s390x.whl", hash = "sha256:6a428afb5720f12892f64920acd2eeb4d996595bf168a26dd9190115dbf1130d"},
    {file = "orjson-3.10.13-cp310-cp310-manylinux_2_17_x86_64.manylinux2014_x86_64.whl", hash = "sha256:ba5b13b8739ce5b630c65cb1c85aedbd257bcc2b9c256b06ab2605209af75a2e"},
    {file = "orjson-3.10.13-cp310-cp310-manylinux_2_5_i686.manylinux1_i686.whl", hash = "sha256:cab83e67f6aabda1b45882254b2598b48b80ecc112968fc6483fa6dae609e9f0"},
    {file = "orjson-3.10.13-cp310-cp310-musllinux_1_2_aarch64.whl", hash = "sha256:62c3cc00c7e776c71c6b7b9c48c5d2701d4c04e7d1d7cdee3572998ee6dc57cc"},
    {file = "orjson-3.10.13-cp310-cp310-musllinux_1_2_armv7l.whl", hash = "sha256:dc03db4922e75bbc870b03fc49734cefbd50fe975e0878327d200022210b82d8"},
    {file = "orjson-3.10.13-cp310-cp310-musllinux_1_2_i686.whl", hash = "sha256:22f1c9a30b43d14a041a6ea190d9eca8a6b80c4beb0e8b67602c82d30d6eec3e"},
    {file = "orjson-3.10.13-cp310-cp310-musllinux_1_2_x86_64.whl", hash = "sha256:b42f56821c29e697c68d7d421410d7c1d8f064ae288b525af6a50cf99a4b1200"},
    {file = "orjson-3.10.13-cp310-cp310-win32.whl", hash = "sha256:0dbf3b97e52e093d7c3e93eb5eb5b31dc7535b33c2ad56872c83f0160f943487"},
    {file = "orjson-3.10.13-cp310-cp310-win_amd64.whl", hash = "sha256:46c249b4e934453be4ff2e518cd1adcd90467da7391c7a79eaf2fbb79c51e8c7"},
    {file = "orjson-3.10.13-cp311-cp311-macosx_10_15_x86_64.macosx_11_0_arm64.macosx_10_15_universal2.whl", hash = "sha256:a36c0d48d2f084c800763473020a12976996f1109e2fcb66cfea442fdf88047f"},
    {file = "orjson-3.10.13-cp311-cp311-manylinux_2_17_aarch64.manylinux2014_aarch64.whl", hash = "sha256:0065896f85d9497990731dfd4a9991a45b0a524baec42ef0a63c34630ee26fd6"},
    {file = "orjson-3.10.13-cp311-cp311-manylinux_2_17_armv7l.manylinux2014_armv7l.whl", hash = "sha256:92b4ec30d6025a9dcdfe0df77063cbce238c08d0404471ed7a79f309364a3d19"},
    {file = "orjson-3.10.13-cp311-cp311-manylinux_2_17_ppc64le.manylinux2014_ppc64le.whl", hash = "sha256:a94542d12271c30044dadad1125ee060e7a2048b6c7034e432e116077e1d13d2"},
    {file = "orjson-3.10.13-cp311-cp311-manylinux_2_17_s390x.manylinux2014_s390x.whl", hash = "sha256:3723e137772639af8adb68230f2aa4bcb27c48b3335b1b1e2d49328fed5e244c"},
    {file = "orjson-3.10.13-cp311-cp311-manylinux_2_17_x86_64.manylinux2014_x86_64.whl", hash = "sha256:5f00c7fb18843bad2ac42dc1ce6dd214a083c53f1e324a0fd1c8137c6436269b"},
    {file = "orjson-3.10.13-cp311-cp311-manylinux_2_5_i686.manylinux1_i686.whl", hash = "sha256:0e2759d3172300b2f892dee85500b22fca5ac49e0c42cfff101aaf9c12ac9617"},
    {file = "orjson-3.10.13-cp311-cp311-musllinux_1_2_aarch64.whl", hash = "sha256:ee948c6c01f6b337589c88f8e0bb11e78d32a15848b8b53d3f3b6fea48842c12"},
    {file = "orjson-3.10.13-cp311-cp311-musllinux_1_2_armv7l.whl", hash = "sha256:aa6fe68f0981fba0d4bf9cdc666d297a7cdba0f1b380dcd075a9a3dd5649a69e"},
    {file = "orjson-3.10.13-cp311-cp311-musllinux_1_2_i686.whl", hash = "sha256:dbcd7aad6bcff258f6896abfbc177d54d9b18149c4c561114f47ebfe74ae6bfd"},
    {file = "orjson-3.10.13-cp311-cp311-musllinux_1_2_x86_64.whl", hash = "sha256:2149e2fcd084c3fd584881c7f9d7f9e5ad1e2e006609d8b80649655e0d52cd02"},
    {file = "orjson-3.10.13-cp311-cp311-win32.whl", hash = "sha256:89367767ed27b33c25c026696507c76e3d01958406f51d3a2239fe9e91959df2"},
    {file = "orjson-3.10.13-cp311-cp311-win_amd64.whl", hash = "sha256:dca1d20f1af0daff511f6e26a27354a424f0b5cf00e04280279316df0f604a6f"},
    {file = "orjson-3.10.13-cp312-cp312-macosx_10_15_x86_64.macosx_11_0_arm64.macosx_10_15_universal2.whl", hash = "sha256:a3614b00621c77f3f6487792238f9ed1dd8a42f2ec0e6540ee34c2d4e6db813a"},
    {file = "orjson-3.10.13-cp312-cp312-manylinux_2_17_aarch64.manylinux2014_aarch64.whl", hash = "sha256:9c976bad3996aa027cd3aef78aa57873f3c959b6c38719de9724b71bdc7bd14b"},
    {file = "orjson-3.10.13-cp312-cp312-manylinux_2_17_armv7l.manylinux2014_armv7l.whl", hash = "sha256:5f74d878d1efb97a930b8a9f9898890067707d683eb5c7e20730030ecb3fb930"},
    {file = "orjson-3.10.13-cp312-cp312-manylinux_2_17_ppc64le.manylinux2014_ppc64le.whl", hash = "sha256:33ef84f7e9513fb13b3999c2a64b9ca9c8143f3da9722fbf9c9ce51ce0d8076e"},
    {file = "orjson-3.10.13-cp312-cp312-manylinux_2_17_s390x.manylinux2014_s390x.whl", hash = "sha256:dd2bcde107221bb9c2fa0c4aaba735a537225104173d7e19cf73f70b3126c993"},
    {file = "orjson-3.10.13-cp312-cp312-manylinux_2_17_x86_64.manylinux2014_x86_64.whl", hash = "sha256:064b9dbb0217fd64a8d016a8929f2fae6f3312d55ab3036b00b1d17399ab2f3e"},
    {file = "orjson-3.10.13-cp312-cp312-manylinux_2_5_i686.manylinux1_i686.whl", hash = "sha256:c0044b0b8c85a565e7c3ce0a72acc5d35cda60793edf871ed94711e712cb637d"},
    {file = "orjson-3.10.13-cp312-cp312-musllinux_1_2_aarch64.whl", hash = "sha256:7184f608ad563032e398f311910bc536e62b9fbdca2041be889afcbc39500de8"},
    {file = "orjson-3.10.13-cp312-cp312-musllinux_1_2_armv7l.whl", hash = "sha256:d36f689e7e1b9b6fb39dbdebc16a6f07cbe994d3644fb1c22953020fc575935f"},
    {file = "orjson-3.10.13-cp312-cp312-musllinux_1_2_i686.whl", hash = "sha256:54433e421618cd5873e51c0e9d0b9fb35f7bf76eb31c8eab20b3595bb713cd3d"},
    {file = "orjson-3.10.13-cp312-cp312-musllinux_1_2_x86_64.whl", hash = "sha256:e1ba0c5857dd743438acecc1cd0e1adf83f0a81fee558e32b2b36f89e40cee8b"},
    {file = "orjson-3.10.13-cp312-cp312-win32.whl", hash = "sha256:a42b9fe4b0114b51eb5cdf9887d8c94447bc59df6dbb9c5884434eab947888d8"},
    {file = "orjson-3.10.13-cp312-cp312-win_amd64.whl", hash = "sha256:3a7df63076435f39ec024bdfeb4c9767ebe7b49abc4949068d61cf4857fa6d6c"},
    {file = "orjson-3.10.13-cp313-cp313-macosx_10_15_x86_64.macosx_11_0_arm64.macosx_10_15_universal2.whl", hash = "sha256:2cdaf8b028a976ebab837a2c27b82810f7fc76ed9fb243755ba650cc83d07730"},
    {file = "orjson-3.10.13-cp313-cp313-manylinux_2_17_aarch64.manylinux2014_aarch64.whl", hash = "sha256:48a946796e390cbb803e069472de37f192b7a80f4ac82e16d6eb9909d9e39d56"},
    {file = "orjson-3.10.13-cp313-cp313-manylinux_2_17_x86_64.manylinux2014_x86_64.whl", hash = "sha256:1a7d64f1db5ecbc21eb83097e5236d6ab7e86092c1cd4c216c02533332951afc"},
    {file = "orjson-3.10.13-cp313-cp313-musllinux_1_2_aarch64.whl", hash = "sha256:711878da48f89df194edd2ba603ad42e7afed74abcd2bac164685e7ec15f96de"},
    {file = "orjson-3.10.13-cp313-cp313-musllinux_1_2_armv7l.whl", hash = "sha256:cf16f06cb77ce8baf844bc222dbcb03838f61d0abda2c3341400c2b7604e436e"},
    {file = "orjson-3.10.13-cp313-cp313-musllinux_1_2_i686.whl", hash = "sha256:8257c3fb8dd7b0b446b5e87bf85a28e4071ac50f8c04b6ce2d38cb4abd7dff57"},
    {file = "orjson-3.10.13-cp313-cp313-musllinux_1_2_x86_64.whl", hash = "sha256:d9c3a87abe6f849a4a7ac8a8a1dede6320a4303d5304006b90da7a3cd2b70d2c"},
    {file = "orjson-3.10.13-cp313-cp313-win32.whl", hash = "sha256:527afb6ddb0fa3fe02f5d9fba4920d9d95da58917826a9be93e0242da8abe94a"},
    {file = "orjson-3.10.13-cp313-cp313-win_amd64.whl", hash = "sha256:b5f7c298d4b935b222f52d6c7f2ba5eafb59d690d9a3840b7b5c5cda97f6ec5c"},
    {file = "orjson-3.10.13-cp38-cp38-macosx_10_15_x86_64.macosx_11_0_arm64.macosx_10_15_universal2.whl", hash = "sha256:e49333d1038bc03a25fdfe11c86360df9b890354bfe04215f1f54d030f33c342"},
    {file = "orjson-3.10.13-cp38-cp38-manylinux_2_17_aarch64.manylinux2014_aarch64.whl", hash = "sha256:003721c72930dbb973f25c5d8e68d0f023d6ed138b14830cc94e57c6805a2eab"},
    {file = "orjson-3.10.13-cp38-cp38-manylinux_2_17_armv7l.manylinux2014_armv7l.whl", hash = "sha256:63664bf12addb318dc8f032160e0f5dc17eb8471c93601e8f5e0d07f95003784"},
    {file = "orjson-3.10.13-cp38-cp38-manylinux_2_17_ppc64le.manylinux2014_ppc64le.whl", hash = "sha256:6066729cf9552d70de297b56556d14b4f49c8f638803ee3c90fd212fa43cc6af"},
    {file = "orjson-3.10.13-cp38-cp38-manylinux_2_17_s390x.manylinux2014_s390x.whl", hash = "sha256:8a1152e2761025c5d13b5e1908d4b1c57f3797ba662e485ae6f26e4e0c466388"},
    {file = "orjson-3.10.13-cp38-cp38-manylinux_2_17_x86_64.manylinux2014_x86_64.whl", hash = "sha256:69b21d91c5c5ef8a201036d207b1adf3aa596b930b6ca3c71484dd11386cf6c3"},
    {file = "orjson-3.10.13-cp38-cp38-manylinux_2_5_i686.manylinux1_i686.whl", hash = "sha256:b12a63f48bb53dba8453d36ca2661f2330126d54e26c1661e550b32864b28ce3"},
    {file = "orjson-3.10.13-cp38-cp38-musllinux_1_2_aarch64.whl", hash = "sha256:a5a7624ab4d121c7e035708c8dd1f99c15ff155b69a1c0affc4d9d8b551281ba"},
    {file = "orjson-3.10.13-cp38-cp38-musllinux_1_2_armv7l.whl", hash = "sha256:0fee076134398d4e6cb827002468679ad402b22269510cf228301b787fdff5ae"},
    {file = "orjson-3.10.13-cp38-cp38-musllinux_1_2_i686.whl", hash = "sha256:ae537fcf330b3947e82c6ae4271e092e6cf16b9bc2cef68b14ffd0df1fa8832a"},
    {file = "orjson-3.10.13-cp38-cp38-musllinux_1_2_x86_64.whl", hash = "sha256:f81b26c03f5fb5f0d0ee48d83cea4d7bc5e67e420d209cc1a990f5d1c62f9be0"},
    {file = "orjson-3.10.13-cp38-cp38-win32.whl", hash = "sha256:0bc858086088b39dc622bc8219e73d3f246fb2bce70a6104abd04b3a080a66a8"},
    {file = "orjson-3.10.13-cp38-cp38-win_amd64.whl", hash = "sha256:3ca6f17467ebbd763f8862f1d89384a5051b461bb0e41074f583a0ebd7120e8e"},
    {file = "orjson-3.10.13-cp39-cp39-macosx_10_15_x86_64.macosx_11_0_arm64.macosx_10_15_universal2.whl", hash = "sha256:4a11532cbfc2f5752c37e84863ef8435b68b0e6d459b329933294f65fa4bda1a"},
    {file = "orjson-3.10.13-cp39-cp39-manylinux_2_17_aarch64.manylinux2014_aarch64.whl", hash = "sha256:c96d2fb80467d1d0dfc4d037b4e1c0f84f1fe6229aa7fea3f070083acef7f3d7"},
    {file = "orjson-3.10.13-cp39-cp39-manylinux_2_17_armv7l.manylinux2014_armv7l.whl", hash = "sha256:dda4ba4d3e6f6c53b6b9c35266788053b61656a716a7fef5c884629c2a52e7aa"},
    {file = "orjson-3.10.13-cp39-cp39-manylinux_2_17_ppc64le.manylinux2014_ppc64le.whl", hash = "sha256:e4f998bbf300690be881772ee9c5281eb9c0044e295bcd4722504f5b5c6092ff"},
    {file = "orjson-3.10.13-cp39-cp39-manylinux_2_17_s390x.manylinux2014_s390x.whl", hash = "sha256:dce1cc42ed75b585c0c4dc5eb53a90a34ccb493c09a10750d1a1f9b9eff2bd12"},
    {file = "orjson-3.10.13-cp39-cp39-manylinux_2_17_x86_64.manylinux2014_x86_64.whl", hash = "sha256:03b0f29d485411e3c13d79604b740b14e4e5fb58811743f6f4f9693ee6480a8f"},
    {file = "orjson-3.10.13-cp39-cp39-manylinux_2_5_i686.manylinux1_i686.whl", hash = "sha256:233aae4474078d82f425134bb6a10fb2b3fc5a1a1b3420c6463ddd1b6a97eda8"},
    {file = "orjson-3.10.13-cp39-cp39-musllinux_1_2_aarch64.whl", hash = "sha256:e384e330a67cf52b3597ee2646de63407da6f8fc9e9beec3eaaaef5514c7a1c9"},
    {file = "orjson-3.10.13-cp39-cp39-musllinux_1_2_armv7l.whl", hash = "sha256:4222881d0aab76224d7b003a8e5fdae4082e32c86768e0e8652de8afd6c4e2c1"},
    {file = "orjson-3.10.13-cp39-cp39-musllinux_1_2_i686.whl", hash = "sha256:e400436950ba42110a20c50c80dff4946c8e3ec09abc1c9cf5473467e83fd1c5"},
    {file = "orjson-3.10.13-cp39-cp39-musllinux_1_2_x86_64.whl", hash = "sha256:f47c9e7d224b86ffb086059cdcf634f4b3f32480f9838864aa09022fe2617ce2"},
    {file = "orjson-3.10.13-cp39-cp39-win32.whl", hash = "sha256:a9ecea472f3eb653e1c0a3d68085f031f18fc501ea392b98dcca3e87c24f9ebe"},
    {file = "orjson-3.10.13-cp39-cp39-win_amd64.whl", hash = "sha256:5385935a73adce85cc7faac9d396683fd813566d3857fa95a0b521ef84a5b588"},
    {file = "orjson-3.10.13.tar.gz", hash = "sha256:eb9bfb14ab8f68d9d9492d4817ae497788a15fd7da72e14dfabc289c3bb088ec"},
]

[[package]]
name = "packaging"
version = "24.1"
description = "Core utilities for Python packages"
optional = false
python-versions = ">=3.8"
files = [
    {file = "packaging-24.1-py3-none-any.whl", hash = "sha256:5b8f2217dbdbd2f7f384c41c628544e6d52f2d0f53c6d0c3ea61aa5d1d7ff124"},
    {file = "packaging-24.1.tar.gz", hash = "sha256:026ed72c8ed3fcce5bf8950572258698927fd1dbda10a5e981cdf0ac37f4f002"},
]

[[package]]
name = "pluggy"
version = "1.5.0"
description = "plugin and hook calling mechanisms for python"
optional = false
python-versions = ">=3.8"
files = [
    {file = "pluggy-1.5.0-py3-none-any.whl", hash = "sha256:44e1ad92c8ca002de6377e165f3e0f1be63266ab4d554740532335b9d75ea669"},
    {file = "pluggy-1.5.0.tar.gz", hash = "sha256:2cffa88e94fdc978c4c574f15f9e59b7f4201d439195c3715ca9e2486f1d0cf1"},
]

[package.extras]
dev = ["pre-commit", "tox"]
testing = ["pytest", "pytest-benchmark"]

[[package]]
name = "pyasn1"
version = "0.6.1"
description = "Pure-Python implementation of ASN.1 types and DER/BER/CER codecs (X.208)"
optional = false
python-versions = ">=3.8"
files = [
    {file = "pyasn1-0.6.1-py3-none-any.whl", hash = "sha256:0d632f46f2ba09143da3a8afe9e33fb6f92fa2320ab7e886e2d0f7672af84629"},
    {file = "pyasn1-0.6.1.tar.gz", hash = "sha256:6f580d2bdd84365380830acf45550f2511469f673cb4a5ae3857a3170128b034"},
]

[[package]]
name = "pytest"
version = "8.3.4"
description = "pytest: simple powerful testing with Python"
optional = false
python-versions = ">=3.8"
files = [
    {file = "pytest-8.3.4-py3-none-any.whl", hash = "sha256:50e16d954148559c9a74109af1eaf0c945ba2d8f30f0a3d3335edde19788b6f6"},
    {file = "pytest-8.3.4.tar.gz", hash = "sha256:965370d062bce11e73868e0335abac31b4d3de0e82f4007408d242b4f8610761"},
]

[package.dependencies]
colorama = {version = "*", markers = "sys_platform == \"win32\""}
iniconfig = "*"
packaging = "*"
pluggy = ">=1.5,<2"

[package.extras]
dev = ["argcomplete", "attrs (>=19.2)", "hypothesis (>=3.56)", "mock", "pygments (>=2.7.2)", "requests", "setuptools", "xmlschema"]

[[package]]
name = "pytest-cov"
version = "6.0.0"
description = "Pytest plugin for measuring coverage."
optional = false
python-versions = ">=3.9"
files = [
    {file = "pytest-cov-6.0.0.tar.gz", hash = "sha256:fde0b595ca248bb8e2d76f020b465f3b107c9632e6a1d1705f17834c89dcadc0"},
    {file = "pytest_cov-6.0.0-py3-none-any.whl", hash = "sha256:eee6f1b9e61008bd34975a4d5bab25801eb31898b032dd55addc93e96fcaaa35"},
]

[package.dependencies]
coverage = {version = ">=7.5", extras = ["toml"]}
pytest = ">=4.6"

[package.extras]
testing = ["fields", "hunter", "process-tests", "pytest-xdist", "virtualenv"]

[[package]]
name = "rsa"
version = "4.9"
description = "Pure-Python RSA implementation"
optional = false
python-versions = ">=3.6,<4"
files = [
    {file = "rsa-4.9-py3-none-any.whl", hash = "sha256:90260d9058e514786967344d0ef75fa8727eed8a7d2e43ce9f4bcf1b536174f7"},
    {file = "rsa-4.9.tar.gz", hash = "sha256:e38464a49c6c85d7f1351b0126661487a7e0a14a50f1675ec50eb34d4f20ef21"},
]

[package.dependencies]
pyasn1 = ">=0.1.3"

[[package]]
name = "sniffio"
version = "1.3.1"
description = "Sniff out which async library your code is running under"
optional = false
python-versions = ">=3.7"
files = [
    {file = "sniffio-1.3.1-py3-none-any.whl", hash = "sha256:2f6da418d1f1e0fddd844478f41680e794e6051915791a034ff65e5f100525a2"},
    {file = "sniffio-1.3.1.tar.gz", hash = "sha256:f4324edc670a0f49750a81b895f35c3adb843cca46f0530f79fc1babb23789dc"},
]

[[package]]
name = "soupsieve"
version = "2.6"
description = "A modern CSS selector implementation for Beautiful Soup."
optional = false
python-versions = ">=3.8"
files = [
    {file = "soupsieve-2.6-py3-none-any.whl", hash = "sha256:e72c4ff06e4fb6e4b5a9f0f55fe6e81514581fca1515028625d0f299c602ccc9"},
    {file = "soupsieve-2.6.tar.gz", hash = "sha256:e2e68417777af359ec65daac1057404a3c8a5455bb8abc36f1a9866ab1a51abb"},
]

[metadata]
lock-version = "2.0"
python-versions = "^3.12"
content-hash = "4d9b5f94e2a10b86d8aa3922a9b0423ff608c56defdf9717085ab7c0d7fb236b"
